
Microsoft Visual Studio Solution File, Format Version 12.00
# Visual Studio Version 17
VisualStudioVersion = 17.11.35312.102
MinimumVisualStudioVersion = 10.0.40219.1
Project("{9A19103F-16F7-4668-BE54-9A1E7A4F7556}") = "Proyecto2", "Proyecto2\Proyecto2.csproj", "{8B129094-C2FA-4573-A8E7-28ADF9366101}"
EndProject
Project("{9A19103F-16F7-4668-BE54-9A1E7A4F7556}") = "Proyecto2.AccesoDatos", "Proyecto2.AccesoDatos\Proyecto2.AccesoDatos.csproj", "{7F1BF8B3-96B3-49A1-B1E6-F1C36FE6F94A}"
EndProject
Project("{9A19103F-16F7-4668-BE54-9A1E7A4F7556}") = "Proyecto2.Models", "Proyecto2.Models\Proyecto2.Models.csproj", "{8B9D3532-73A8-4E09-A423-3ABED90C64C8}"
EndProject
Project("{9A19103F-16F7-4668-BE54-9A1E7A4F7556}") = "Proyecto2.Utilidades", "Proyecto2.Utilidades\Proyecto2.Utilidades.csproj", "{17C2FFAD-743E-4C06-88AE-20DDAAD38662}"
EndProject
Project("{2150E333-8FDC-42A3-9474-1A3956D46DE8}") = "Solution Items", "Solution Items", "{79E78DD6-1F13-40AA-9EC3-F20C13F8C6E6}"
	ProjectSection(SolutionItems) = preProject
		.editorconfig = .editorconfig
	EndProjectSection
EndProject
Global
	GlobalSection(SolutionConfigurationPlatforms) = preSolution
		Debug|Any CPU = Debug|Any CPU
		Release|Any CPU = Release|Any CPU
	EndGlobalSection
	GlobalSection(ProjectConfigurationPlatforms) = postSolution
		{8B129094-C2FA-4573-A8E7-28ADF9366101}.Debug|Any CPU.ActiveCfg = Debug|Any CPU
		{8B129094-C2FA-4573-A8E7-28ADF9366101}.Debug|Any CPU.Build.0 = Debug|Any CPU
		{8B129094-C2FA-4573-A8E7-28ADF9366101}.Release|Any CPU.ActiveCfg = Release|Any CPU
		{8B129094-C2FA-4573-A8E7-28ADF9366101}.Release|Any CPU.Build.0 = Release|Any CPU
		{7F1BF8B3-96B3-49A1-B1E6-F1C36FE6F94A}.Debug|Any CPU.ActiveCfg = Debug|Any CPU
		{7F1BF8B3-96B3-49A1-B1E6-F1C36FE6F94A}.Debug|Any CPU.Build.0 = Debug|Any CPU
		{7F1BF8B3-96B3-49A1-B1E6-F1C36FE6F94A}.Release|Any CPU.ActiveCfg = Release|Any CPU
		{7F1BF8B3-96B3-49A1-B1E6-F1C36FE6F94A}.Release|Any CPU.Build.0 = Release|Any CPU
		{8B9D3532-73A8-4E09-A423-3ABED90C64C8}.Debug|Any CPU.ActiveCfg = Debug|Any CPU
		{8B9D3532-73A8-4E09-A423-3ABED90C64C8}.Debug|Any CPU.Build.0 = Debug|Any CPU
		{8B9D3532-73A8-4E09-A423-3ABED90C64C8}.Release|Any CPU.ActiveCfg = Release|Any CPU
		{8B9D3532-73A8-4E09-A423-3ABED90C64C8}.Release|Any CPU.Build.0 = Release|Any CPU
		{17C2FFAD-743E-4C06-88AE-20DDAAD38662}.Debug|Any CPU.ActiveCfg = Debug|Any CPU
		{17C2FFAD-743E-4C06-88AE-20DDAAD38662}.Debug|Any CPU.Build.0 = Debug|Any CPU
		{17C2FFAD-743E-4C06-88AE-20DDAAD38662}.Release|Any CPU.ActiveCfg = Release|Any CPU
		{17C2FFAD-743E-4C06-88AE-20DDAAD38662}.Release|Any CPU.Build.0 = Release|Any CPU
	EndGlobalSection
	GlobalSection(SolutionProperties) = preSolution
		HideSolutionNode = FALSE
	EndGlobalSection
	GlobalSection(ExtensibilityGlobals) = postSolution
		SolutionGuid = {DE974A63-2DAD-4E42-8430-EB3755110378}
	EndGlobalSection
EndGlobal
